// !$*UTF8*$!
{
	archiveVersion = 1;
	classes = {
	};
	objectVersion = 46;
	objects = {

/* Begin PBXBuildFile section */
		1911D3691C2D1BF5005DB43E /* PlayGameViewController.swift in Sources */ = {isa = PBXBuildFile; fileRef = 1911D3681C2D1BF5005DB43E /* PlayGameViewController.swift */; };
		19446D9F1C2D3C49006420AE /* PlayUserTableViewCell.swift in Sources */ = {isa = PBXBuildFile; fileRef = 19446D9E1C2D3C49006420AE /* PlayUserTableViewCell.swift */; };
		1946D2A71C211EF900C0C4AB /* MemberUserTableViewCell.swift in Sources */ = {isa = PBXBuildFile; fileRef = 1946D2A61C211EF900C0C4AB /* MemberUserTableViewCell.swift */; };
		1946D2AB1C21265000C0C4AB /* Constans.swift in Sources */ = {isa = PBXBuildFile; fileRef = 1946D2AA1C21265000C0C4AB /* Constans.swift */; };
		194F4F481C60CD9E00353786 /* DeviceManager.swift in Sources */ = {isa = PBXBuildFile; fileRef = 194F4F471C60CD9E00353786 /* DeviceManager.swift */; };
		1970A9351C17D74800154A9E /* User.swift in Sources */ = {isa = PBXBuildFile; fileRef = 1970A9341C17D74800154A9E /* User.swift */; };
		198FB5721C61BC17004586D8 /* DeviceSettingViewController.swift in Sources */ = {isa = PBXBuildFile; fileRef = 198FB5711C61BC17004586D8 /* DeviceSettingViewController.swift */; };
		19A5D0011C23EF6D0032B349 /* GPSManager.swift in Sources */ = {isa = PBXBuildFile; fileRef = 19A5D0001C23EF6D0032B349 /* GPSManager.swift */; };
		19A5D0031C23FF880032B349 /* MeasureHeartBeatViewController.swift in Sources */ = {isa = PBXBuildFile; fileRef = 19A5D0021C23FF880032B349 /* MeasureHeartBeatViewController.swift */; };
		19B081321C5DC911008757F0 /* RootViewController.swift in Sources */ = {isa = PBXBuildFile; fileRef = 19B081311C5DC911008757F0 /* RootViewController.swift */; };
		19EB33A81C55262300C04A23 /* APIManager.swift in Sources */ = {isa = PBXBuildFile; fileRef = 19EB33A71C55262300C04A23 /* APIManager.swift */; };
		19EB33AA1C55263100C04A23 /* Room.swift in Sources */ = {isa = PBXBuildFile; fileRef = 19EB33A91C55263100C04A23 /* Room.swift */; };
		19EB33AC1C55372B00C04A23 /* UserManager.swift in Sources */ = {isa = PBXBuildFile; fileRef = 19EB33AB1C55372B00C04A23 /* UserManager.swift */; };
		19EF8C851C5F5A0F00EC4F65 /* RegisterDeviceViewController.swift in Sources */ = {isa = PBXBuildFile; fileRef = 19EF8C841C5F5A0F00EC4F65 /* RegisterDeviceViewController.swift */; };
		AAEDE002C0BF480FBA78C931 /* Pods.framework in Frameworks */ = {isa = PBXBuildFile; fileRef = 2F234A730F3EC4E8514CFC37 /* Pods.framework */; };
		E90386C71BF5CEFB00AE4BD3 /* Fabric.framework in Frameworks */ = {isa = PBXBuildFile; fileRef = E90386C31BF5CEFB00AE4BD3 /* Fabric.framework */; };
		E90386C81BF5CEFB00AE4BD3 /* TwitterKit.framework in Frameworks */ = {isa = PBXBuildFile; fileRef = E90386C41BF5CEFB00AE4BD3 /* TwitterKit.framework */; };
		E90386C91BF5CEFB00AE4BD3 /* TwitterKitResources.bundle in Resources */ = {isa = PBXBuildFile; fileRef = E90386C51BF5CEFB00AE4BD3 /* TwitterKitResources.bundle */; };
		E90386CA1BF5CEFB00AE4BD3 /* TwitterCore.framework in Frameworks */ = {isa = PBXBuildFile; fileRef = E90386C61BF5CEFB00AE4BD3 /* TwitterCore.framework */; };
		E90386CD1BF5CF9C00AE4BD3 /* LoginViewController.swift in Sources */ = {isa = PBXBuildFile; fileRef = E90386CC1BF5CF9C00AE4BD3 /* LoginViewController.swift */; };
		E90386D11BF5D19400AE4BD3 /* GameStartViewController.swift in Sources */ = {isa = PBXBuildFile; fileRef = E90386D01BF5D19400AE4BD3 /* GameStartViewController.swift */; };
		E90386D51BF5D55500AE4BD3 /* JointRoomViewController.swift in Sources */ = {isa = PBXBuildFile; fileRef = E90386D41BF5D55400AE4BD3 /* JointRoomViewController.swift */; };
		E90386D71BF5D56D00AE4BD3 /* CreateRoomViewController.swift in Sources */ = {isa = PBXBuildFile; fileRef = E90386D61BF5D56D00AE4BD3 /* CreateRoomViewController.swift */; };
		E9C4D1141C0EC359008D2A5C /* HostUserTableViewCell.swift in Sources */ = {isa = PBXBuildFile; fileRef = E9C4D1131C0EC359008D2A5C /* HostUserTableViewCell.swift */; };
		E9E06DF31BE9BDB7006E99D3 /* AppDelegate.swift in Sources */ = {isa = PBXBuildFile; fileRef = E9E06DF21BE9BDB7006E99D3 /* AppDelegate.swift */; };
		E9E06DF81BE9BDB7006E99D3 /* Main.storyboard in Resources */ = {isa = PBXBuildFile; fileRef = E9E06DF61BE9BDB7006E99D3 /* Main.storyboard */; };
		E9E06DFA1BE9BDB7006E99D3 /* Images.xcassets in Resources */ = {isa = PBXBuildFile; fileRef = E9E06DF91BE9BDB7006E99D3 /* Images.xcassets */; };
		E9E06DFD1BE9BDB7006E99D3 /* LaunchScreen.xib in Resources */ = {isa = PBXBuildFile; fileRef = E9E06DFB1BE9BDB7006E99D3 /* LaunchScreen.xib */; };
		E9E06E091BE9BDB7006E99D3 /* TrembleWristbandTests.swift in Sources */ = {isa = PBXBuildFile; fileRef = E9E06E081BE9BDB7006E99D3 /* TrembleWristbandTests.swift */; };
/* End PBXBuildFile section */

/* Begin PBXContainerItemProxy section */
		E9E06E031BE9BDB7006E99D3 /* PBXContainerItemProxy */ = {
			isa = PBXContainerItemProxy;
			containerPortal = E9E06DE51BE9BDB6006E99D3 /* Project object */;
			proxyType = 1;
			remoteGlobalIDString = E9E06DEC1BE9BDB7006E99D3;
			remoteInfo = TrembleWristband;
		};
/* End PBXContainerItemProxy section */

/* Begin PBXFileReference section */
		1911D3681C2D1BF5005DB43E /* PlayGameViewController.swift */ = {isa = PBXFileReference; fileEncoding = 4; lastKnownFileType = sourcecode.swift; path = PlayGameViewController.swift; sourceTree = "<group>"; };
		19446D9E1C2D3C49006420AE /* PlayUserTableViewCell.swift */ = {isa = PBXFileReference; fileEncoding = 4; lastKnownFileType = sourcecode.swift; path = PlayUserTableViewCell.swift; sourceTree = "<group>"; };
		1946D2A61C211EF900C0C4AB /* MemberUserTableViewCell.swift */ = {isa = PBXFileReference; fileEncoding = 4; lastKnownFileType = sourcecode.swift; path = MemberUserTableViewCell.swift; sourceTree = "<group>"; };
		1946D2AA1C21265000C0C4AB /* Constans.swift */ = {isa = PBXFileReference; fileEncoding = 4; lastKnownFileType = sourcecode.swift; path = Constans.swift; sourceTree = "<group>"; };
		194F4F471C60CD9E00353786 /* DeviceManager.swift */ = {isa = PBXFileReference; fileEncoding = 4; lastKnownFileType = sourcecode.swift; path = DeviceManager.swift; sourceTree = "<group>"; };
		1970A9341C17D74800154A9E /* User.swift */ = {isa = PBXFileReference; fileEncoding = 4; lastKnownFileType = sourcecode.swift; name = User.swift; path = ../User.swift; sourceTree = "<group>"; };
		198FB5711C61BC17004586D8 /* DeviceSettingViewController.swift */ = {isa = PBXFileReference; fileEncoding = 4; lastKnownFileType = sourcecode.swift; path = DeviceSettingViewController.swift; sourceTree = "<group>"; };
		19A5D0001C23EF6D0032B349 /* GPSManager.swift */ = {isa = PBXFileReference; fileEncoding = 4; lastKnownFileType = sourcecode.swift; path = GPSManager.swift; sourceTree = "<group>"; };
		19A5D0021C23FF880032B349 /* MeasureHeartBeatViewController.swift */ = {isa = PBXFileReference; fileEncoding = 4; lastKnownFileType = sourcecode.swift; path = MeasureHeartBeatViewController.swift; sourceTree = "<group>"; };
		19AFA3C81C1ABC720005235F /* TrembleWristband-Bridging-header.h */ = {isa = PBXFileReference; lastKnownFileType = sourcecode.c.h; path = "TrembleWristband-Bridging-header.h"; sourceTree = SOURCE_ROOT; };
		19B081311C5DC911008757F0 /* RootViewController.swift */ = {isa = PBXFileReference; fileEncoding = 4; lastKnownFileType = sourcecode.swift; path = RootViewController.swift; sourceTree = "<group>"; };
		19EB33A71C55262300C04A23 /* APIManager.swift */ = {isa = PBXFileReference; fileEncoding = 4; lastKnownFileType = sourcecode.swift; path = APIManager.swift; sourceTree = "<group>"; };
		19EB33A91C55263100C04A23 /* Room.swift */ = {isa = PBXFileReference; fileEncoding = 4; lastKnownFileType = sourcecode.swift; path = Room.swift; sourceTree = "<group>"; };
		19EB33AB1C55372B00C04A23 /* UserManager.swift */ = {isa = PBXFileReference; fileEncoding = 4; lastKnownFileType = sourcecode.swift; path = UserManager.swift; sourceTree = "<group>"; };
		19EF8C841C5F5A0F00EC4F65 /* RegisterDeviceViewController.swift */ = {isa = PBXFileReference; fileEncoding = 4; lastKnownFileType = sourcecode.swift; path = RegisterDeviceViewController.swift; sourceTree = "<group>"; };
		2F234A730F3EC4E8514CFC37 /* Pods.framework */ = {isa = PBXFileReference; explicitFileType = wrapper.framework; includeInIndex = 0; path = Pods.framework; sourceTree = BUILT_PRODUCTS_DIR; };
		E1E66436F7D49CF9D9A8F875 /* Pods.debug.xcconfig */ = {isa = PBXFileReference; includeInIndex = 1; lastKnownFileType = text.xcconfig; name = Pods.debug.xcconfig; path = "Pods/Target Support Files/Pods/Pods.debug.xcconfig"; sourceTree = "<group>"; };
		E90386C31BF5CEFB00AE4BD3 /* Fabric.framework */ = {isa = PBXFileReference; lastKnownFileType = wrapper.framework; path = Fabric.framework; sourceTree = "<group>"; };
		E90386C41BF5CEFB00AE4BD3 /* TwitterKit.framework */ = {isa = PBXFileReference; lastKnownFileType = wrapper.framework; path = TwitterKit.framework; sourceTree = "<group>"; };
		E90386C51BF5CEFB00AE4BD3 /* TwitterKitResources.bundle */ = {isa = PBXFileReference; lastKnownFileType = "wrapper.plug-in"; name = TwitterKitResources.bundle; path = TwitterKit.framework/Versions/A/Resources/TwitterKitResources.bundle; sourceTree = "<group>"; };
		E90386C61BF5CEFB00AE4BD3 /* TwitterCore.framework */ = {isa = PBXFileReference; lastKnownFileType = wrapper.framework; path = TwitterCore.framework; sourceTree = "<group>"; };
		E90386CC1BF5CF9C00AE4BD3 /* LoginViewController.swift */ = {isa = PBXFileReference; fileEncoding = 4; lastKnownFileType = sourcecode.swift; path = LoginViewController.swift; sourceTree = "<group>"; };
		E90386D01BF5D19400AE4BD3 /* GameStartViewController.swift */ = {isa = PBXFileReference; fileEncoding = 4; lastKnownFileType = sourcecode.swift; path = GameStartViewController.swift; sourceTree = "<group>"; };
		E90386D41BF5D55400AE4BD3 /* JointRoomViewController.swift */ = {isa = PBXFileReference; fileEncoding = 4; lastKnownFileType = sourcecode.swift; path = JointRoomViewController.swift; sourceTree = "<group>"; };
		E90386D61BF5D56D00AE4BD3 /* CreateRoomViewController.swift */ = {isa = PBXFileReference; fileEncoding = 4; lastKnownFileType = sourcecode.swift; name = CreateRoomViewController.swift; path = ../CreateRoomViewController.swift; sourceTree = "<group>"; };
		E9C4D1131C0EC359008D2A5C /* HostUserTableViewCell.swift */ = {isa = PBXFileReference; fileEncoding = 4; lastKnownFileType = sourcecode.swift; path = HostUserTableViewCell.swift; sourceTree = "<group>"; };
		E9E06DED1BE9BDB7006E99D3 /* TrembleWristband.app */ = {isa = PBXFileReference; explicitFileType = wrapper.application; includeInIndex = 0; path = TrembleWristband.app; sourceTree = BUILT_PRODUCTS_DIR; };
		E9E06DF11BE9BDB7006E99D3 /* Info.plist */ = {isa = PBXFileReference; lastKnownFileType = text.plist.xml; path = Info.plist; sourceTree = "<group>"; };
		E9E06DF21BE9BDB7006E99D3 /* AppDelegate.swift */ = {isa = PBXFileReference; lastKnownFileType = sourcecode.swift; path = AppDelegate.swift; sourceTree = "<group>"; };
		E9E06DF71BE9BDB7006E99D3 /* Base */ = {isa = PBXFileReference; lastKnownFileType = file.storyboard; name = Base; path = Base.lproj/Main.storyboard; sourceTree = "<group>"; };
		E9E06DF91BE9BDB7006E99D3 /* Images.xcassets */ = {isa = PBXFileReference; lastKnownFileType = folder.assetcatalog; path = Images.xcassets; sourceTree = "<group>"; };
		E9E06DFC1BE9BDB7006E99D3 /* Base */ = {isa = PBXFileReference; lastKnownFileType = file.xib; name = Base; path = Base.lproj/LaunchScreen.xib; sourceTree = "<group>"; };
		E9E06E021BE9BDB7006E99D3 /* TrembleWristbandTests.xctest */ = {isa = PBXFileReference; explicitFileType = wrapper.cfbundle; includeInIndex = 0; path = TrembleWristbandTests.xctest; sourceTree = BUILT_PRODUCTS_DIR; };
		E9E06E071BE9BDB7006E99D3 /* Info.plist */ = {isa = PBXFileReference; lastKnownFileType = text.plist.xml; path = Info.plist; sourceTree = "<group>"; };
		E9E06E081BE9BDB7006E99D3 /* TrembleWristbandTests.swift */ = {isa = PBXFileReference; lastKnownFileType = sourcecode.swift; path = TrembleWristbandTests.swift; sourceTree = "<group>"; };
		FF356207318073CFFD988344 /* Pods.release.xcconfig */ = {isa = PBXFileReference; includeInIndex = 1; lastKnownFileType = text.xcconfig; name = Pods.release.xcconfig; path = "Pods/Target Support Files/Pods/Pods.release.xcconfig"; sourceTree = "<group>"; };
/* End PBXFileReference section */

/* Begin PBXFrameworksBuildPhase section */
		E9E06DEA1BE9BDB7006E99D3 /* Frameworks */ = {
			isa = PBXFrameworksBuildPhase;
			buildActionMask = 2147483647;
			files = (
				E90386C71BF5CEFB00AE4BD3 /* Fabric.framework in Frameworks */,
				E90386CA1BF5CEFB00AE4BD3 /* TwitterCore.framework in Frameworks */,
				E90386C81BF5CEFB00AE4BD3 /* TwitterKit.framework in Frameworks */,
				AAEDE002C0BF480FBA78C931 /* Pods.framework in Frameworks */,
			);
			runOnlyForDeploymentPostprocessing = 0;
		};
		E9E06DFF1BE9BDB7006E99D3 /* Frameworks */ = {
			isa = PBXFrameworksBuildPhase;
			buildActionMask = 2147483647;
			files = (
			);
			runOnlyForDeploymentPostprocessing = 0;
		};
/* End PBXFrameworksBuildPhase section */

/* Begin PBXGroup section */
		1946D2A31C211BB800C0C4AB /* ViewController */ = {
			isa = PBXGroup;
			children = (
				19B081311C5DC911008757F0 /* RootViewController.swift */,
				E90386CC1BF5CF9C00AE4BD3 /* LoginViewController.swift */,
				19EF8C841C5F5A0F00EC4F65 /* RegisterDeviceViewController.swift */,
				E90386D01BF5D19400AE4BD3 /* GameStartViewController.swift */,
				E90386D61BF5D56D00AE4BD3 /* CreateRoomViewController.swift */,
				E90386D41BF5D55400AE4BD3 /* JointRoomViewController.swift */,
				19A5D0021C23FF880032B349 /* MeasureHeartBeatViewController.swift */,
				1911D3681C2D1BF5005DB43E /* PlayGameViewController.swift */,
				198FB5711C61BC17004586D8 /* DeviceSettingViewController.swift */,
			);
			name = ViewController;
			sourceTree = "<group>";
		};
		1946D2A41C211BBF00C0C4AB /* Model */ = {
			isa = PBXGroup;
			children = (
				1946D2AA1C21265000C0C4AB /* Constans.swift */,
				19A5D0001C23EF6D0032B349 /* GPSManager.swift */,
				19EB33A71C55262300C04A23 /* APIManager.swift */,
				19EB33A91C55263100C04A23 /* Room.swift */,
				1970A9341C17D74800154A9E /* User.swift */,
				19EB33AB1C55372B00C04A23 /* UserManager.swift */,
				194F4F471C60CD9E00353786 /* DeviceManager.swift */,
			);
			name = Model;
			sourceTree = "<group>";
		};
		1946D2A51C211BC400C0C4AB /* View */ = {
			isa = PBXGroup;
			children = (
				E9E06DF61BE9BDB7006E99D3 /* Main.storyboard */,
				E9C4D1131C0EC359008D2A5C /* HostUserTableViewCell.swift */,
				1946D2A61C211EF900C0C4AB /* MemberUserTableViewCell.swift */,
				19446D9E1C2D3C49006420AE /* PlayUserTableViewCell.swift */,
			);
			name = View;
			sourceTree = "<group>";
		};
		8E9EECCE8739310DBED72B22 /* Pods */ = {
			isa = PBXGroup;
			children = (
				E1E66436F7D49CF9D9A8F875 /* Pods.debug.xcconfig */,
				FF356207318073CFFD988344 /* Pods.release.xcconfig */,
			);
			name = Pods;
			sourceTree = "<group>";
		};
		96BBCB960DA5667556E9A150 /* Frameworks */ = {
			isa = PBXGroup;
			children = (
				2F234A730F3EC4E8514CFC37 /* Pods.framework */,
			);
			name = Frameworks;
			sourceTree = "<group>";
		};
		E90386CB1BF5CF0700AE4BD3 /* Framework */ = {
			isa = PBXGroup;
			children = (
				E90386C31BF5CEFB00AE4BD3 /* Fabric.framework */,
				E90386C41BF5CEFB00AE4BD3 /* TwitterKit.framework */,
				E90386C51BF5CEFB00AE4BD3 /* TwitterKitResources.bundle */,
				E90386C61BF5CEFB00AE4BD3 /* TwitterCore.framework */,
			);
			name = Framework;
			sourceTree = "<group>";
		};
		E9E06DE41BE9BDB6006E99D3 = {
			isa = PBXGroup;
			children = (
				E90386CB1BF5CF0700AE4BD3 /* Framework */,
				E9E06DEF1BE9BDB7006E99D3 /* TrembleWristband */,
				E9E06E051BE9BDB7006E99D3 /* TrembleWristbandTests */,
				E9E06DEE1BE9BDB7006E99D3 /* Products */,
				8E9EECCE8739310DBED72B22 /* Pods */,
				96BBCB960DA5667556E9A150 /* Frameworks */,
			);
			sourceTree = "<group>";
		};
		E9E06DEE1BE9BDB7006E99D3 /* Products */ = {
			isa = PBXGroup;
			children = (
				E9E06DED1BE9BDB7006E99D3 /* TrembleWristband.app */,
				E9E06E021BE9BDB7006E99D3 /* TrembleWristbandTests.xctest */,
			);
			name = Products;
			sourceTree = "<group>";
		};
		E9E06DEF1BE9BDB7006E99D3 /* TrembleWristband */ = {
			isa = PBXGroup;
			children = (
				19AFA3C81C1ABC720005235F /* TrembleWristband-Bridging-header.h */,
				E9F189591BFC456600E36F27 /* image */,
				E9E06DF21BE9BDB7006E99D3 /* AppDelegate.swift */,
				1946D2A31C211BB800C0C4AB /* ViewController */,
				1946D2A41C211BBF00C0C4AB /* Model */,
				1946D2A51C211BC400C0C4AB /* View */,
				E9E06DF91BE9BDB7006E99D3 /* Images.xcassets */,
				E9E06DFB1BE9BDB7006E99D3 /* LaunchScreen.xib */,
				E9E06DF01BE9BDB7006E99D3 /* Supporting Files */,
			);
			path = TrembleWristband;
			sourceTree = "<group>";
		};
		E9E06DF01BE9BDB7006E99D3 /* Supporting Files */ = {
			isa = PBXGroup;
			children = (
				E9E06DF11BE9BDB7006E99D3 /* Info.plist */,
			);
			name = "Supporting Files";
			sourceTree = "<group>";
		};
		E9E06E051BE9BDB7006E99D3 /* TrembleWristbandTests */ = {
			isa = PBXGroup;
			children = (
				E9E06E081BE9BDB7006E99D3 /* TrembleWristbandTests.swift */,
				E9E06E061BE9BDB7006E99D3 /* Supporting Files */,
			);
			path = TrembleWristbandTests;
			sourceTree = "<group>";
		};
		E9E06E061BE9BDB7006E99D3 /* Supporting Files */ = {
			isa = PBXGroup;
			children = (
				E9E06E071BE9BDB7006E99D3 /* Info.plist */,
			);
			name = "Supporting Files";
			sourceTree = "<group>";
		};
		E9F189591BFC456600E36F27 /* image */ = {
			isa = PBXGroup;
			children = (
			);
			name = image;
			sourceTree = "<group>";
		};
/* End PBXGroup section */

/* Begin PBXNativeTarget section */
		E9E06DEC1BE9BDB7006E99D3 /* TrembleWristband */ = {
			isa = PBXNativeTarget;
			buildConfigurationList = E9E06E0C1BE9BDB7006E99D3 /* Build configuration list for PBXNativeTarget "TrembleWristband" */;
			buildPhases = (
				4708B15DBBB4AD47815BD08D /* Check Pods Manifest.lock */,
				E9E06DE91BE9BDB7006E99D3 /* Sources */,
				E9E06DEA1BE9BDB7006E99D3 /* Frameworks */,
				E9E06DEB1BE9BDB7006E99D3 /* Resources */,
				E90386C21BF5CE9E00AE4BD3 /* ShellScript */,
				09C244EFDAB543E15070B99C /* Embed Pods Frameworks */,
				39E497CC76A6E108E566D70F /* Copy Pods Resources */,
			);
			buildRules = (
			);
			dependencies = (
			);
			name = TrembleWristband;
			productName = TrembleWristband;
			productReference = E9E06DED1BE9BDB7006E99D3 /* TrembleWristband.app */;
			productType = "com.apple.product-type.application";
		};
		E9E06E011BE9BDB7006E99D3 /* TrembleWristbandTests */ = {
			isa = PBXNativeTarget;
			buildConfigurationList = E9E06E0F1BE9BDB7006E99D3 /* Build configuration list for PBXNativeTarget "TrembleWristbandTests" */;
			buildPhases = (
				E9E06DFE1BE9BDB7006E99D3 /* Sources */,
				E9E06DFF1BE9BDB7006E99D3 /* Frameworks */,
				E9E06E001BE9BDB7006E99D3 /* Resources */,
			);
			buildRules = (
			);
			dependencies = (
				E9E06E041BE9BDB7006E99D3 /* PBXTargetDependency */,
			);
			name = TrembleWristbandTests;
			productName = TrembleWristbandTests;
			productReference = E9E06E021BE9BDB7006E99D3 /* TrembleWristbandTests.xctest */;
			productType = "com.apple.product-type.bundle.unit-test";
		};
/* End PBXNativeTarget section */

/* Begin PBXProject section */
		E9E06DE51BE9BDB6006E99D3 /* Project object */ = {
			isa = PBXProject;
			attributes = {
				LastSwiftMigration = 0710;
				LastSwiftUpdateCheck = 0710;
				LastUpgradeCheck = 0640;
				ORGANIZATIONNAME = AutumnCOJT;
				TargetAttributes = {
					E9E06DEC1BE9BDB7006E99D3 = {
						CreatedOnToolsVersion = 6.4;
						DevelopmentTeam = GSYY7UBQ7A;
					};
					E9E06E011BE9BDB7006E99D3 = {
						CreatedOnToolsVersion = 6.4;
						TestTargetID = E9E06DEC1BE9BDB7006E99D3;
					};
				};
			};
			buildConfigurationList = E9E06DE81BE9BDB6006E99D3 /* Build configuration list for PBXProject "TrembleWristband" */;
			compatibilityVersion = "Xcode 3.2";
			developmentRegion = English;
			hasScannedForEncodings = 0;
			knownRegions = (
				en,
				Base,
			);
			mainGroup = E9E06DE41BE9BDB6006E99D3;
			productRefGroup = E9E06DEE1BE9BDB7006E99D3 /* Products */;
			projectDirPath = "";
			projectRoot = "";
			targets = (
				E9E06DEC1BE9BDB7006E99D3 /* TrembleWristband */,
				E9E06E011BE9BDB7006E99D3 /* TrembleWristbandTests */,
			);
		};
/* End PBXProject section */

/* Begin PBXResourcesBuildPhase section */
		E9E06DEB1BE9BDB7006E99D3 /* Resources */ = {
			isa = PBXResourcesBuildPhase;
			buildActionMask = 2147483647;
			files = (
				E90386C91BF5CEFB00AE4BD3 /* TwitterKitResources.bundle in Resources */,
				E9E06DF81BE9BDB7006E99D3 /* Main.storyboard in Resources */,
				E9E06DFD1BE9BDB7006E99D3 /* LaunchScreen.xib in Resources */,
				E9E06DFA1BE9BDB7006E99D3 /* Images.xcassets in Resources */,
			);
			runOnlyForDeploymentPostprocessing = 0;
		};
		E9E06E001BE9BDB7006E99D3 /* Resources */ = {
			isa = PBXResourcesBuildPhase;
			buildActionMask = 2147483647;
			files = (
			);
			runOnlyForDeploymentPostprocessing = 0;
		};
/* End PBXResourcesBuildPhase section */

/* Begin PBXShellScriptBuildPhase section */
		09C244EFDAB543E15070B99C /* Embed Pods Frameworks */ = {
			isa = PBXShellScriptBuildPhase;
			buildActionMask = 2147483647;
			files = (
			);
			inputPaths = (
			);
			name = "Embed Pods Frameworks";
			outputPaths = (
			);
			runOnlyForDeploymentPostprocessing = 0;
			shellPath = /bin/sh;
			shellScript = "\"${SRCROOT}/Pods/Target Support Files/Pods/Pods-frameworks.sh\"\n";
			showEnvVarsInLog = 0;
		};
		39E497CC76A6E108E566D70F /* Copy Pods Resources */ = {
			isa = PBXShellScriptBuildPhase;
			buildActionMask = 2147483647;
			files = (
			);
			inputPaths = (
			);
			name = "Copy Pods Resources";
			outputPaths = (
			);
			runOnlyForDeploymentPostprocessing = 0;
			shellPath = /bin/sh;
			shellScript = "\"${SRCROOT}/Pods/Target Support Files/Pods/Pods-resources.sh\"\n";
			showEnvVarsInLog = 0;
		};
		4708B15DBBB4AD47815BD08D /* Check Pods Manifest.lock */ = {
			isa = PBXShellScriptBuildPhase;
			buildActionMask = 2147483647;
			files = (
			);
			inputPaths = (
			);
			name = "Check Pods Manifest.lock";
			outputPaths = (
			);
			runOnlyForDeploymentPostprocessing = 0;
			shellPath = /bin/sh;
			shellScript = "diff \"${PODS_ROOT}/../Podfile.lock\" \"${PODS_ROOT}/Manifest.lock\" > /dev/null\nif [[ $? != 0 ]] ; then\n    cat << EOM\nerror: The sandbox is not in sync with the Podfile.lock. Run 'pod install' or update your CocoaPods installation.\nEOM\n    exit 1\nfi\n";
			showEnvVarsInLog = 0;
		};
		E90386C21BF5CE9E00AE4BD3 /* ShellScript */ = {
			isa = PBXShellScriptBuildPhase;
			buildActionMask = 2147483647;
			files = (
			);
			inputPaths = (
			);
			outputPaths = (
			);
			runOnlyForDeploymentPostprocessing = 0;
			shellPath = /bin/sh;
			shellScript = "./Fabric.framework/run eb18d38e35b78852ee94a3e92cfbd7f32d72a790 96b597c34afd949970e29ddd57ca7456b582b23ba3a3396696034dbb9acb652a";
		};
/* End PBXShellScriptBuildPhase section */

/* Begin PBXSourcesBuildPhase section */
		E9E06DE91BE9BDB7006E99D3 /* Sources */ = {
			isa = PBXSourcesBuildPhase;
			buildActionMask = 2147483647;
			files = (
				E90386CD1BF5CF9C00AE4BD3 /* LoginViewController.swift in Sources */,
				194F4F481C60CD9E00353786 /* DeviceManager.swift in Sources */,
				19B081321C5DC911008757F0 /* RootViewController.swift in Sources */,
				E90386D71BF5D56D00AE4BD3 /* CreateRoomViewController.swift in Sources */,
				1911D3691C2D1BF5005DB43E /* PlayGameViewController.swift in Sources */,
				1946D2AB1C21265000C0C4AB /* Constans.swift in Sources */,
				1946D2A71C211EF900C0C4AB /* MemberUserTableViewCell.swift in Sources */,
				E9C4D1141C0EC359008D2A5C /* HostUserTableViewCell.swift in Sources */,
				19EB33AC1C55372B00C04A23 /* UserManager.swift in Sources */,
				19EB33A81C55262300C04A23 /* APIManager.swift in Sources */,
				1970A9351C17D74800154A9E /* User.swift in Sources */,
				19446D9F1C2D3C49006420AE /* PlayUserTableViewCell.swift in Sources */,
				E9E06DF31BE9BDB7006E99D3 /* AppDelegate.swift in Sources */,
				19A5D0031C23FF880032B349 /* MeasureHeartBeatViewController.swift in Sources */,
				19EF8C851C5F5A0F00EC4F65 /* RegisterDeviceViewController.swift in Sources */,
				198FB5721C61BC17004586D8 /* DeviceSettingViewController.swift in Sources */,
				E90386D51BF5D55500AE4BD3 /* JointRoomViewController.swift in Sources */,
				19A5D0011C23EF6D0032B349 /* GPSManager.swift in Sources */,
				E90386D11BF5D19400AE4BD3 /* GameStartViewController.swift in Sources */,
				19EB33AA1C55263100C04A23 /* Room.swift in Sources */,
			);
			runOnlyForDeploymentPostprocessing = 0;
		};
		E9E06DFE1BE9BDB7006E99D3 /* Sources */ = {
			isa = PBXSourcesBuildPhase;
			buildActionMask = 2147483647;
			files = (
				E9E06E091BE9BDB7006E99D3 /* TrembleWristbandTests.swift in Sources */,
			);
			runOnlyForDeploymentPostprocessing = 0;
		};
/* End PBXSourcesBuildPhase section */

/* Begin PBXTargetDependency section */
		E9E06E041BE9BDB7006E99D3 /* PBXTargetDependency */ = {
			isa = PBXTargetDependency;
			target = E9E06DEC1BE9BDB7006E99D3 /* TrembleWristband */;
			targetProxy = E9E06E031BE9BDB7006E99D3 /* PBXContainerItemProxy */;
		};
/* End PBXTargetDependency section */

/* Begin PBXVariantGroup section */
		E9E06DF61BE9BDB7006E99D3 /* Main.storyboard */ = {
			isa = PBXVariantGroup;
			children = (
				E9E06DF71BE9BDB7006E99D3 /* Base */,
			);
			name = Main.storyboard;
			sourceTree = "<group>";
		};
		E9E06DFB1BE9BDB7006E99D3 /* LaunchScreen.xib */ = {
			isa = PBXVariantGroup;
			children = (
				E9E06DFC1BE9BDB7006E99D3 /* Base */,
			);
			name = LaunchScreen.xib;
			sourceTree = "<group>";
		};
/* End PBXVariantGroup section */

/* Begin XCBuildConfiguration section */
		E9E06E0A1BE9BDB7006E99D3 /* Debug */ = {
			isa = XCBuildConfiguration;
			buildSettings = {
				ALWAYS_SEARCH_USER_PATHS = NO;
				CLANG_CXX_LANGUAGE_STANDARD = "gnu++0x";
				CLANG_CXX_LIBRARY = "libc++";
				CLANG_ENABLE_MODULES = YES;
				CLANG_ENABLE_OBJC_ARC = YES;
				CLANG_WARN_BOOL_CONVERSION = YES;
				CLANG_WARN_CONSTANT_CONVERSION = YES;
				CLANG_WARN_DIRECT_OBJC_ISA_USAGE = YES_ERROR;
				CLANG_WARN_EMPTY_BODY = YES;
				CLANG_WARN_ENUM_CONVERSION = YES;
				CLANG_WARN_INT_CONVERSION = YES;
				CLANG_WARN_OBJC_ROOT_CLASS = YES_ERROR;
				CLANG_WARN_UNREACHABLE_CODE = YES;
				CLANG_WARN__DUPLICATE_METHOD_MATCH = YES;
				"CODE_SIGN_IDENTITY[sdk=iphoneos*]" = "iPhone Developer";
				COPY_PHASE_STRIP = NO;
				DEBUG_INFORMATION_FORMAT = "dwarf-with-dsym";
				ENABLE_STRICT_OBJC_MSGSEND = YES;
				GCC_C_LANGUAGE_STANDARD = gnu99;
				GCC_DYNAMIC_NO_PIC = NO;
				GCC_NO_COMMON_BLOCKS = YES;
				GCC_OPTIMIZATION_LEVEL = 0;
				GCC_PREPROCESSOR_DEFINITIONS = (
					"DEBUG=1",
					"$(inherited)",
				);
				GCC_SYMBOLS_PRIVATE_EXTERN = NO;
				GCC_WARN_64_TO_32_BIT_CONVERSION = YES;
				GCC_WARN_ABOUT_RETURN_TYPE = YES_ERROR;
				GCC_WARN_UNDECLARED_SELECTOR = YES;
				GCC_WARN_UNINITIALIZED_AUTOS = YES_AGGRESSIVE;
				GCC_WARN_UNUSED_FUNCTION = YES;
				GCC_WARN_UNUSED_VARIABLE = YES;
				IPHONEOS_DEPLOYMENT_TARGET = 8.4;
				MTL_ENABLE_DEBUG_INFO = YES;
				ONLY_ACTIVE_ARCH = YES;
				SDKROOT = iphoneos;
				SWIFT_OPTIMIZATION_LEVEL = "-Onone";
			};
			name = Debug;
		};
		E9E06E0B1BE9BDB7006E99D3 /* Release */ = {
			isa = XCBuildConfiguration;
			buildSettings = {
				ALWAYS_SEARCH_USER_PATHS = NO;
				CLANG_CXX_LANGUAGE_STANDARD = "gnu++0x";
				CLANG_CXX_LIBRARY = "libc++";
				CLANG_ENABLE_MODULES = YES;
				CLANG_ENABLE_OBJC_ARC = YES;
				CLANG_WARN_BOOL_CONVERSION = YES;
				CLANG_WARN_CONSTANT_CONVERSION = YES;
				CLANG_WARN_DIRECT_OBJC_ISA_USAGE = YES_ERROR;
				CLANG_WARN_EMPTY_BODY = YES;
				CLANG_WARN_ENUM_CONVERSION = YES;
				CLANG_WARN_INT_CONVERSION = YES;
				CLANG_WARN_OBJC_ROOT_CLASS = YES_ERROR;
				CLANG_WARN_UNREACHABLE_CODE = YES;
				CLANG_WARN__DUPLICATE_METHOD_MATCH = YES;
				"CODE_SIGN_IDENTITY[sdk=iphoneos*]" = "iPhone Developer";
				COPY_PHASE_STRIP = NO;
				DEBUG_INFORMATION_FORMAT = "dwarf-with-dsym";
				ENABLE_NS_ASSERTIONS = NO;
				ENABLE_STRICT_OBJC_MSGSEND = YES;
				GCC_C_LANGUAGE_STANDARD = gnu99;
				GCC_NO_COMMON_BLOCKS = YES;
				GCC_WARN_64_TO_32_BIT_CONVERSION = YES;
				GCC_WARN_ABOUT_RETURN_TYPE = YES_ERROR;
				GCC_WARN_UNDECLARED_SELECTOR = YES;
				GCC_WARN_UNINITIALIZED_AUTOS = YES_AGGRESSIVE;
				GCC_WARN_UNUSED_FUNCTION = YES;
				GCC_WARN_UNUSED_VARIABLE = YES;
				IPHONEOS_DEPLOYMENT_TARGET = 8.4;
				MTL_ENABLE_DEBUG_INFO = NO;
				SDKROOT = iphoneos;
				VALIDATE_PRODUCT = YES;
			};
			name = Release;
		};
		E9E06E0D1BE9BDB7006E99D3 /* Debug */ = {
			isa = XCBuildConfiguration;
			baseConfigurationReference = E1E66436F7D49CF9D9A8F875 /* Pods.debug.xcconfig */;
			buildSettings = {
				ASSETCATALOG_COMPILER_APPICON_NAME = AppIcon;
				CODE_SIGN_IDENTITY = "iPhone Developer";
				"CODE_SIGN_IDENTITY[sdk=iphoneos*]" = "iPhone Developer";
				ENABLE_BITCODE = NO;
				FRAMEWORK_SEARCH_PATHS = (
					"$(inherited)",
					"$(PROJECT_DIR)",
				);
				INFOPLIST_FILE = TrembleWristband/Info.plist;
				IPHONEOS_DEPLOYMENT_TARGET = 8.0;
				LD_RUNPATH_SEARCH_PATHS = "$(inherited) @executable_path/Frameworks";
				PRODUCT_NAME = "$(TARGET_NAME)";
				PROVISIONING_PROFILE = "";
				SWIFT_OBJC_BRIDGING_HEADER = "TrembleWristband-Bridging-header.h";
				TARGETED_DEVICE_FAMILY = 1;
			};
			name = Debug;
		};
		E9E06E0E1BE9BDB7006E99D3 /* Release */ = {
			isa = XCBuildConfiguration;
			baseConfigurationReference = FF356207318073CFFD988344 /* Pods.release.xcconfig */;
			buildSettings = {
				ASSETCATALOG_COMPILER_APPICON_NAME = AppIcon;
				CODE_SIGN_IDENTITY = "iPhone Developer";
				"CODE_SIGN_IDENTITY[sdk=iphoneos*]" = "iPhone Developer";
				ENABLE_BITCODE = NO;
				FRAMEWORK_SEARCH_PATHS = (
					"$(inherited)",
					"$(PROJECT_DIR)",
				);
				INFOPLIST_FILE = TrembleWristband/Info.plist;
				IPHONEOS_DEPLOYMENT_TARGET = 8.0;
				LD_RUNPATH_SEARCH_PATHS = "$(inherited) @executable_path/Frameworks";
				PRODUCT_NAME = "$(TARGET_NAME)";
				PROVISIONING_PROFILE = "";
				SWIFT_OBJC_BRIDGING_HEADER = "TrembleWristband-Bridging-header.h";
				TARGETED_DEVICE_FAMILY = 1;
			};
			name = Release;
		};
		E9E06E101BE9BDB7006E99D3 /* Debug */ = {
			isa = XCBuildConfiguration;
			buildSettings = {
				BUNDLE_LOADER = "$(TEST_HOST)";
				FRAMEWORK_SEARCH_PATHS = (
					"$(SDKROOT)/Developer/Library/Frameworks",
					"$(inherited)",
				);
				GCC_PREPROCESSOR_DEFINITIONS = (
					"DEBUG=1",
					"$(inherited)",
				);
				INFOPLIST_FILE = TrembleWristbandTests/Info.plist;
				LD_RUNPATH_SEARCH_PATHS = "$(inherited) @executable_path/Frameworks @loader_path/Frameworks";
				PRODUCT_NAME = "$(TARGET_NAME)";
				TEST_HOST = "$(BUILT_PRODUCTS_DIR)/TrembleWristband.app/TrembleWristband";
			};
			name = Debug;
		};
		E9E06E111BE9BDB7006E99D3 /* Release */ = {
			isa = XCBuildConfiguration;
			buildSettings = {
				BUNDLE_LOADER = "$(TEST_HOST)";
				FRAMEWORK_SEARCH_PATHS = (
					"$(SDKROOT)/Developer/Library/Frameworks",
					"$(inherited)",
				);
				INFOPLIST_FILE = TrembleWristbandTests/Info.plist;
				LD_RUNPATH_SEARCH_PATHS = "$(inherited) @executable_path/Frameworks @loader_path/Frameworks";
				PRODUCT_NAME = "$(TARGET_NAME)";
				TEST_HOST = "$(BUILT_PRODUCTS_DIR)/TrembleWristband.app/TrembleWristband";
			};
			name = Release;
		};
/* End XCBuildConfiguration section */

/* Begin XCConfigurationList section */
		E9E06DE81BE9BDB6006E99D3 /* Build configuration list for PBXProject "TrembleWristband" */ = {
			isa = XCConfigurationList;
			buildConfigurations = (
				E9E06E0A1BE9BDB7006E99D3 /* Debug */,
				E9E06E0B1BE9BDB7006E99D3 /* Release */,
			);
			defaultConfigurationIsVisible = 0;
			defaultConfigurationName = Release;
		};
		E9E06E0C1BE9BDB7006E99D3 /* Build configuration list for PBXNativeTarget "TrembleWristband" */ = {
			isa = XCConfigurationList;
			buildConfigurations = (
				E9E06E0D1BE9BDB7006E99D3 /* Debug */,
				E9E06E0E1BE9BDB7006E99D3 /* Release */,
			);
			defaultConfigurationIsVisible = 0;
			defaultConfigurationName = Release;
		};
		E9E06E0F1BE9BDB7006E99D3 /* Build configuration list for PBXNativeTarget "TrembleWristbandTests" */ = {
			isa = XCConfigurationList;
			buildConfigurations = (
				E9E06E101BE9BDB7006E99D3 /* Debug */,
				E9E06E111BE9BDB7006E99D3 /* Release */,
			);
			defaultConfigurationIsVisible = 0;
			defaultConfigurationName = Release;
		};
/* End XCConfigurationList section */
	};
	rootObject = E9E06DE51BE9BDB6006E99D3 /* Project object */;
}
